// !$*UTF8*$!
{
	archiveVersion = 1;
	classes = {
	};
	objectVersion = 50;
	objects = {

/* Begin PBXBuildFile section */
		8D12B04E22E62F1F007A6578 /* audioTest.swift in Sources */ = {isa = PBXBuildFile; fileRef = 8D12B04D22E62F1F007A6578 /* audioTest.swift */; };
		8D5DE71C22E658E30054A4B4 /* launchScreen.swift in Sources */ = {isa = PBXBuildFile; fileRef = 8D5DE71B22E658E30054A4B4 /* launchScreen.swift */; };
		F72BD8B822DD285900BAF3C4 /* AppDelegate.swift in Sources */ = {isa = PBXBuildFile; fileRef = F72BD8B722DD285900BAF3C4 /* AppDelegate.swift */; };
		F72BD8BA22DD285900BAF3C4 /* GameScene.sks in Resources */ = {isa = PBXBuildFile; fileRef = F72BD8B922DD285900BAF3C4 /* GameScene.sks */; };
		F72BD8BC22DD285900BAF3C4 /* Actions.sks in Resources */ = {isa = PBXBuildFile; fileRef = F72BD8BB22DD285900BAF3C4 /* Actions.sks */; };
		F72BD8BE22DD285900BAF3C4 /* GameScene.swift in Sources */ = {isa = PBXBuildFile; fileRef = F72BD8BD22DD285900BAF3C4 /* GameScene.swift */; };
		F72BD8C022DD285900BAF3C4 /* GameViewController.swift in Sources */ = {isa = PBXBuildFile; fileRef = F72BD8BF22DD285900BAF3C4 /* GameViewController.swift */; };
		F72BD8C322DD285900BAF3C4 /* Main.storyboard in Resources */ = {isa = PBXBuildFile; fileRef = F72BD8C122DD285900BAF3C4 /* Main.storyboard */; };
		F72BD8C522DD285A00BAF3C4 /* Assets.xcassets in Resources */ = {isa = PBXBuildFile; fileRef = F72BD8C422DD285A00BAF3C4 /* Assets.xcassets */; };
		F72BD8C822DD285A00BAF3C4 /* LaunchScreen.storyboard in Resources */ = {isa = PBXBuildFile; fileRef = F72BD8C622DD285A00BAF3C4 /* LaunchScreen.storyboard */; };
		F72BD8D322DD285A00BAF3C4 /* GameTests.swift in Sources */ = {isa = PBXBuildFile; fileRef = F72BD8D222DD285A00BAF3C4 /* GameTests.swift */; };
		F72BD8DE22DD285A00BAF3C4 /* GameUITests.swift in Sources */ = {isa = PBXBuildFile; fileRef = F72BD8DD22DD285A00BAF3C4 /* GameUITests.swift */; };
		F72BD8EC22DE381600BAF3C4 /* Level2.swift in Sources */ = {isa = PBXBuildFile; fileRef = F72BD8EB22DE381600BAF3C4 /* Level2.swift */; };
		F72BD8F022DE38A900BAF3C4 /* Level2.sks in Resources */ = {isa = PBXBuildFile; fileRef = F72BD8EF22DE38A900BAF3C4 /* Level2.sks */; };
		F72BD8F622E0D7B000BAF3C4 /* Page2.swift in Sources */ = {isa = PBXBuildFile; fileRef = F72BD8F522E0D7B000BAF3C4 /* Page2.swift */; };
		F74DDFE722E22F2E00349C4A /* circleChange.sks in Resources */ = {isa = PBXBuildFile; fileRef = F74DDFE622E22F2E00349C4A /* circleChange.sks */; };
		F74DDFEB22E22FB800349C4A /* circleChange.swift in Sources */ = {isa = PBXBuildFile; fileRef = F74DDFEA22E22FB800349C4A /* circleChange.swift */; };
/* End PBXBuildFile section */

/* Begin PBXContainerItemProxy section */
		F72BD8CF22DD285A00BAF3C4 /* PBXContainerItemProxy */ = {
			isa = PBXContainerItemProxy;
			containerPortal = F72BD8AC22DD285900BAF3C4 /* Project object */;
			proxyType = 1;
			remoteGlobalIDString = F72BD8B322DD285900BAF3C4;
			remoteInfo = Game;
		};
		F72BD8DA22DD285A00BAF3C4 /* PBXContainerItemProxy */ = {
			isa = PBXContainerItemProxy;
			containerPortal = F72BD8AC22DD285900BAF3C4 /* Project object */;
			proxyType = 1;
			remoteGlobalIDString = F72BD8B322DD285900BAF3C4;
			remoteInfo = Game;
		};
/* End PBXContainerItemProxy section */

/* Begin PBXFileReference section */
		8D12B04D22E62F1F007A6578 /* audioTest.swift */ = {isa = PBXFileReference; lastKnownFileType = sourcecode.swift; path = audioTest.swift; sourceTree = "<group>"; };
		8D5DE71B22E658E30054A4B4 /* launchScreen.swift */ = {isa = PBXFileReference; lastKnownFileType = sourcecode.swift; path = launchScreen.swift; sourceTree = "<group>"; };
		F72BD8B422DD285900BAF3C4 /* Game.app */ = {isa = PBXFileReference; explicitFileType = wrapper.application; includeInIndex = 0; path = Game.app; sourceTree = BUILT_PRODUCTS_DIR; };
		F72BD8B722DD285900BAF3C4 /* AppDelegate.swift */ = {isa = PBXFileReference; lastKnownFileType = sourcecode.swift; path = AppDelegate.swift; sourceTree = "<group>"; };
		F72BD8B922DD285900BAF3C4 /* GameScene.sks */ = {isa = PBXFileReference; lastKnownFileType = file.sks; path = GameScene.sks; sourceTree = "<group>"; };
		F72BD8BB22DD285900BAF3C4 /* Actions.sks */ = {isa = PBXFileReference; lastKnownFileType = file.sks; path = Actions.sks; sourceTree = "<group>"; };
		F72BD8BD22DD285900BAF3C4 /* GameScene.swift */ = {isa = PBXFileReference; lastKnownFileType = sourcecode.swift; path = GameScene.swift; sourceTree = "<group>"; };
		F72BD8BF22DD285900BAF3C4 /* GameViewController.swift */ = {isa = PBXFileReference; lastKnownFileType = sourcecode.swift; path = GameViewController.swift; sourceTree = "<group>"; };
		F72BD8C222DD285900BAF3C4 /* Base */ = {isa = PBXFileReference; lastKnownFileType = file.storyboard; name = Base; path = Base.lproj/Main.storyboard; sourceTree = "<group>"; };
		F72BD8C422DD285A00BAF3C4 /* Assets.xcassets */ = {isa = PBXFileReference; lastKnownFileType = folder.assetcatalog; path = Assets.xcassets; sourceTree = "<group>"; };
		F72BD8C722DD285A00BAF3C4 /* Base */ = {isa = PBXFileReference; lastKnownFileType = file.storyboard; name = Base; path = Base.lproj/LaunchScreen.storyboard; sourceTree = "<group>"; };
		F72BD8C922DD285A00BAF3C4 /* Info.plist */ = {isa = PBXFileReference; lastKnownFileType = text.plist.xml; path = Info.plist; sourceTree = "<group>"; };
		F72BD8CE22DD285A00BAF3C4 /* GameTests.xctest */ = {isa = PBXFileReference; explicitFileType = wrapper.cfbundle; includeInIndex = 0; path = GameTests.xctest; sourceTree = BUILT_PRODUCTS_DIR; };
		F72BD8D222DD285A00BAF3C4 /* GameTests.swift */ = {isa = PBXFileReference; lastKnownFileType = sourcecode.swift; path = GameTests.swift; sourceTree = "<group>"; };
		F72BD8D422DD285A00BAF3C4 /* Info.plist */ = {isa = PBXFileReference; lastKnownFileType = text.plist.xml; path = Info.plist; sourceTree = "<group>"; };
		F72BD8D922DD285A00BAF3C4 /* GameUITests.xctest */ = {isa = PBXFileReference; explicitFileType = wrapper.cfbundle; includeInIndex = 0; path = GameUITests.xctest; sourceTree = BUILT_PRODUCTS_DIR; };
		F72BD8DD22DD285A00BAF3C4 /* GameUITests.swift */ = {isa = PBXFileReference; lastKnownFileType = sourcecode.swift; path = GameUITests.swift; sourceTree = "<group>"; };
		F72BD8DF22DD285A00BAF3C4 /* Info.plist */ = {isa = PBXFileReference; lastKnownFileType = text.plist.xml; path = Info.plist; sourceTree = "<group>"; };
		F72BD8EB22DE381600BAF3C4 /* Level2.swift */ = {isa = PBXFileReference; lastKnownFileType = sourcecode.swift; path = Level2.swift; sourceTree = "<group>"; };
		F72BD8EF22DE38A900BAF3C4 /* Level2.sks */ = {isa = PBXFileReference; lastKnownFileType = file.sks; path = Level2.sks; sourceTree = "<group>"; };
		F72BD8F522E0D7B000BAF3C4 /* Page2.swift */ = {isa = PBXFileReference; lastKnownFileType = sourcecode.swift; path = Page2.swift; sourceTree = "<group>"; };
		F74DDFE622E22F2E00349C4A /* circleChange.sks */ = {isa = PBXFileReference; lastKnownFileType = file.sks; path = circleChange.sks; sourceTree = "<group>"; };
		F74DDFEA22E22FB800349C4A /* circleChange.swift */ = {isa = PBXFileReference; lastKnownFileType = sourcecode.swift; path = circleChange.swift; sourceTree = "<group>"; };
/* End PBXFileReference section */

/* Begin PBXFrameworksBuildPhase section */
		F72BD8B122DD285900BAF3C4 /* Frameworks */ = {
			isa = PBXFrameworksBuildPhase;
			buildActionMask = 2147483647;
			files = (
			);
			runOnlyForDeploymentPostprocessing = 0;
		};
		F72BD8CB22DD285A00BAF3C4 /* Frameworks */ = {
			isa = PBXFrameworksBuildPhase;
			buildActionMask = 2147483647;
			files = (
			);
			runOnlyForDeploymentPostprocessing = 0;
		};
		F72BD8D622DD285A00BAF3C4 /* Frameworks */ = {
			isa = PBXFrameworksBuildPhase;
			buildActionMask = 2147483647;
			files = (
			);
			runOnlyForDeploymentPostprocessing = 0;
		};
/* End PBXFrameworksBuildPhase section */

/* Begin PBXGroup section */
		8D12B04F22E631F7007A6578 /* Music */ = {
			isa = PBXGroup;
			children = (
			);
			path = Music;
			sourceTree = "<group>";
		};
		F72BD8AB22DD285900BAF3C4 = {
			isa = PBXGroup;
			children = (
				F72BD8B622DD285900BAF3C4 /* Game */,
				F72BD8D122DD285A00BAF3C4 /* GameTests */,
				F72BD8DC22DD285A00BAF3C4 /* GameUITests */,
				F72BD8B522DD285900BAF3C4 /* Products */,
			);
			sourceTree = "<group>";
		};
		F72BD8B522DD285900BAF3C4 /* Products */ = {
			isa = PBXGroup;
			children = (
				F72BD8B422DD285900BAF3C4 /* Game.app */,
				F72BD8CE22DD285A00BAF3C4 /* GameTests.xctest */,
				F72BD8D922DD285A00BAF3C4 /* GameUITests.xctest */,
			);
			name = Products;
			sourceTree = "<group>";
		};
		F72BD8B622DD285900BAF3C4 /* Game */ = {
			isa = PBXGroup;
			children = (
				F72BD8B722DD285900BAF3C4 /* AppDelegate.swift */,
				F72BD8BB22DD285900BAF3C4 /* Actions.sks */,
				F72BD8B922DD285900BAF3C4 /* GameScene.sks */,
				F72BD8BD22DD285900BAF3C4 /* GameScene.swift */,
				F74DDFE622E22F2E00349C4A /* circleChange.sks */,
				F74DDFEA22E22FB800349C4A /* circleChange.swift */,
				F72BD8EB22DE381600BAF3C4 /* Level2.swift */,
				F72BD8EF22DE38A900BAF3C4 /* Level2.sks */,
				F72BD8F522E0D7B000BAF3C4 /* Page2.swift */,
				F72BD8BF22DD285900BAF3C4 /* GameViewController.swift */,
				F72BD8C122DD285900BAF3C4 /* Main.storyboard */,
				8D12B04D22E62F1F007A6578 /* audioTest.swift */,
				F72BD8C422DD285A00BAF3C4 /* Assets.xcassets */,
				F72BD8C622DD285A00BAF3C4 /* LaunchScreen.storyboard */,
				8D5DE71B22E658E30054A4B4 /* launchScreen.swift */,
				F72BD8C922DD285A00BAF3C4 /* Info.plist */,
				8D12B04F22E631F7007A6578 /* Music */,
			);
			path = Game;
			sourceTree = "<group>";
		};
		F72BD8D122DD285A00BAF3C4 /* GameTests */ = {
			isa = PBXGroup;
			children = (
				F72BD8D222DD285A00BAF3C4 /* GameTests.swift */,
				F72BD8D422DD285A00BAF3C4 /* Info.plist */,
			);
			path = GameTests;
			sourceTree = "<group>";
		};
		F72BD8DC22DD285A00BAF3C4 /* GameUITests */ = {
			isa = PBXGroup;
			children = (
				F72BD8DD22DD285A00BAF3C4 /* GameUITests.swift */,
				F72BD8DF22DD285A00BAF3C4 /* Info.plist */,
			);
			path = GameUITests;
			sourceTree = "<group>";
		};
/* End PBXGroup section */

/* Begin PBXNativeTarget section */
		F72BD8B322DD285900BAF3C4 /* Game */ = {
			isa = PBXNativeTarget;
			buildConfigurationList = F72BD8E222DD285A00BAF3C4 /* Build configuration list for PBXNativeTarget "Game" */;
			buildPhases = (
				F72BD8B022DD285900BAF3C4 /* Sources */,
				F72BD8B122DD285900BAF3C4 /* Frameworks */,
				F72BD8B222DD285900BAF3C4 /* Resources */,
			);
			buildRules = (
			);
			dependencies = (
			);
			name = Game;
			productName = Game;
			productReference = F72BD8B422DD285900BAF3C4 /* Game.app */;
			productType = "com.apple.product-type.application";
		};
		F72BD8CD22DD285A00BAF3C4 /* GameTests */ = {
			isa = PBXNativeTarget;
			buildConfigurationList = F72BD8E522DD285A00BAF3C4 /* Build configuration list for PBXNativeTarget "GameTests" */;
			buildPhases = (
				F72BD8CA22DD285A00BAF3C4 /* Sources */,
				F72BD8CB22DD285A00BAF3C4 /* Frameworks */,
				F72BD8CC22DD285A00BAF3C4 /* Resources */,
			);
			buildRules = (
			);
			dependencies = (
				F72BD8D022DD285A00BAF3C4 /* PBXTargetDependency */,
			);
			name = GameTests;
			productName = GameTests;
			productReference = F72BD8CE22DD285A00BAF3C4 /* GameTests.xctest */;
			productType = "com.apple.product-type.bundle.unit-test";
		};
		F72BD8D822DD285A00BAF3C4 /* GameUITests */ = {
			isa = PBXNativeTarget;
			buildConfigurationList = F72BD8E822DD285A00BAF3C4 /* Build configuration list for PBXNativeTarget "GameUITests" */;
			buildPhases = (
				F72BD8D522DD285A00BAF3C4 /* Sources */,
				F72BD8D622DD285A00BAF3C4 /* Frameworks */,
				F72BD8D722DD285A00BAF3C4 /* Resources */,
			);
			buildRules = (
			);
			dependencies = (
				F72BD8DB22DD285A00BAF3C4 /* PBXTargetDependency */,
			);
			name = GameUITests;
			productName = GameUITests;
			productReference = F72BD8D922DD285A00BAF3C4 /* GameUITests.xctest */;
			productType = "com.apple.product-type.bundle.ui-testing";
		};
/* End PBXNativeTarget section */

/* Begin PBXProject section */
		F72BD8AC22DD285900BAF3C4 /* Project object */ = {
			isa = PBXProject;
			attributes = {
				LastSwiftUpdateCheck = 1020;
				LastUpgradeCheck = 1020;
				ORGANIZATIONNAME = "Rij Dorfman";
				TargetAttributes = {
					F72BD8B322DD285900BAF3C4 = {
						CreatedOnToolsVersion = 10.2.1;
					};
					F72BD8CD22DD285A00BAF3C4 = {
						CreatedOnToolsVersion = 10.2.1;
						TestTargetID = F72BD8B322DD285900BAF3C4;
					};
					F72BD8D822DD285A00BAF3C4 = {
						CreatedOnToolsVersion = 10.2.1;
						TestTargetID = F72BD8B322DD285900BAF3C4;
					};
				};
			};
			buildConfigurationList = F72BD8AF22DD285900BAF3C4 /* Build configuration list for PBXProject "Game" */;
			compatibilityVersion = "Xcode 9.3";
			developmentRegion = en;
			hasScannedForEncodings = 0;
			knownRegions = (
				en,
				Base,
			);
			mainGroup = F72BD8AB22DD285900BAF3C4;
			productRefGroup = F72BD8B522DD285900BAF3C4 /* Products */;
			projectDirPath = "";
			projectRoot = "";
			targets = (
				F72BD8B322DD285900BAF3C4 /* Game */,
				F72BD8CD22DD285A00BAF3C4 /* GameTests */,
				F72BD8D822DD285A00BAF3C4 /* GameUITests */,
			);
		};
/* End PBXProject section */

/* Begin PBXResourcesBuildPhase section */
		F72BD8B222DD285900BAF3C4 /* Resources */ = {
			isa = PBXResourcesBuildPhase;
			buildActionMask = 2147483647;
			files = (
				F72BD8C322DD285900BAF3C4 /* Main.storyboard in Resources */,
				F72BD8BA22DD285900BAF3C4 /* GameScene.sks in Resources */,
				F72BD8F022DE38A900BAF3C4 /* Level2.sks in Resources */,
				F72BD8C522DD285A00BAF3C4 /* Assets.xcassets in Resources */,
				F72BD8C822DD285A00BAF3C4 /* LaunchScreen.storyboard in Resources */,
				F74DDFE722E22F2E00349C4A /* circleChange.sks in Resources */,
				F72BD8BC22DD285900BAF3C4 /* Actions.sks in Resources */,
			);
			runOnlyForDeploymentPostprocessing = 0;
		};
		F72BD8CC22DD285A00BAF3C4 /* Resources */ = {
			isa = PBXResourcesBuildPhase;
			buildActionMask = 2147483647;
			files = (
			);
			runOnlyForDeploymentPostprocessing = 0;
		};
		F72BD8D722DD285A00BAF3C4 /* Resources */ = {
			isa = PBXResourcesBuildPhase;
			buildActionMask = 2147483647;
			files = (
			);
			runOnlyForDeploymentPostprocessing = 0;
		};
/* End PBXResourcesBuildPhase section */

/* Begin PBXSourcesBuildPhase section */
		F72BD8B022DD285900BAF3C4 /* Sources */ = {
			isa = PBXSourcesBuildPhase;
			buildActionMask = 2147483647;
			files = (
				F72BD8EC22DE381600BAF3C4 /* Level2.swift in Sources */,
				8D12B04E22E62F1F007A6578 /* audioTest.swift in Sources */,
				8D5DE71C22E658E30054A4B4 /* launchScreen.swift in Sources */,
				F72BD8BE22DD285900BAF3C4 /* GameScene.swift in Sources */,
				F72BD8C022DD285900BAF3C4 /* GameViewController.swift in Sources */,
				F74DDFEB22E22FB800349C4A /* circleChange.swift in Sources */,
				F72BD8B822DD285900BAF3C4 /* AppDelegate.swift in Sources */,
				F72BD8F622E0D7B000BAF3C4 /* Page2.swift in Sources */,
			);
			runOnlyForDeploymentPostprocessing = 0;
		};
		F72BD8CA22DD285A00BAF3C4 /* Sources */ = {
			isa = PBXSourcesBuildPhase;
			buildActionMask = 2147483647;
			files = (
				F72BD8D322DD285A00BAF3C4 /* GameTests.swift in Sources */,
			);
			runOnlyForDeploymentPostprocessing = 0;
		};
		F72BD8D522DD285A00BAF3C4 /* Sources */ = {
			isa = PBXSourcesBuildPhase;
			buildActionMask = 2147483647;
			files = (
				F72BD8DE22DD285A00BAF3C4 /* GameUITests.swift in Sources */,
			);
			runOnlyForDeploymentPostprocessing = 0;
		};
/* End PBXSourcesBuildPhase section */

/* Begin PBXTargetDependency section */
		F72BD8D022DD285A00BAF3C4 /* PBXTargetDependency */ = {
			isa = PBXTargetDependency;
			target = F72BD8B322DD285900BAF3C4 /* Game */;
			targetProxy = F72BD8CF22DD285A00BAF3C4 /* PBXContainerItemProxy */;
		};
		F72BD8DB22DD285A00BAF3C4 /* PBXTargetDependency */ = {
			isa = PBXTargetDependency;
			target = F72BD8B322DD285900BAF3C4 /* Game */;
			targetProxy = F72BD8DA22DD285A00BAF3C4 /* PBXContainerItemProxy */;
		};
/* End PBXTargetDependency section */

/* Begin PBXVariantGroup section */
		F72BD8C122DD285900BAF3C4 /* Main.storyboard */ = {
			isa = PBXVariantGroup;
			children = (
				F72BD8C222DD285900BAF3C4 /* Base */,
			);
			name = Main.storyboard;
			sourceTree = "<group>";
		};
		F72BD8C622DD285A00BAF3C4 /* LaunchScreen.storyboard */ = {
			isa = PBXVariantGroup;
			children = (
				F72BD8C722DD285A00BAF3C4 /* Base */,
			);
			name = LaunchScreen.storyboard;
			sourceTree = "<group>";
		};
/* End PBXVariantGroup section */

/* Begin XCBuildConfiguration section */
		F72BD8E022DD285A00BAF3C4 /* Debug */ = {
			isa = XCBuildConfiguration;
			buildSettings = {
				ALWAYS_SEARCH_USER_PATHS = NO;
				CLANG_ANALYZER_NONNULL = YES;
				CLANG_ANALYZER_NUMBER_OBJECT_CONVERSION = YES_AGGRESSIVE;
				CLANG_CXX_LANGUAGE_STANDARD = "gnu++14";
				CLANG_CXX_LIBRARY = "libc++";
				CLANG_ENABLE_MODULES = YES;
				CLANG_ENABLE_OBJC_ARC = YES;
				CLANG_ENABLE_OBJC_WEAK = YES;
				CLANG_WARN_BLOCK_CAPTURE_AUTORELEASING = YES;
				CLANG_WARN_BOOL_CONVERSION = YES;
				CLANG_WARN_COMMA = YES;
				CLANG_WARN_CONSTANT_CONVERSION = YES;
				CLANG_WARN_DEPRECATED_OBJC_IMPLEMENTATIONS = YES;
				CLANG_WARN_DIRECT_OBJC_ISA_USAGE = YES_ERROR;
				CLANG_WARN_DOCUMENTATION_COMMENTS = YES;
				CLANG_WARN_EMPTY_BODY = YES;
				CLANG_WARN_ENUM_CONVERSION = YES;
				CLANG_WARN_INFINITE_RECURSION = YES;
				CLANG_WARN_INT_CONVERSION = YES;
				CLANG_WARN_NON_LITERAL_NULL_CONVERSION = YES;
				CLANG_WARN_OBJC_IMPLICIT_RETAIN_SELF = YES;
				CLANG_WARN_OBJC_LITERAL_CONVERSION = YES;
				CLANG_WARN_OBJC_ROOT_CLASS = YES_ERROR;
				CLANG_WARN_RANGE_LOOP_ANALYSIS = YES;
				CLANG_WARN_STRICT_PROTOTYPES = YES;
				CLANG_WARN_SUSPICIOUS_MOVE = YES;
				CLANG_WARN_UNGUARDED_AVAILABILITY = YES_AGGRESSIVE;
				CLANG_WARN_UNREACHABLE_CODE = YES;
				CLANG_WARN__DUPLICATE_METHOD_MATCH = YES;
				CODE_SIGN_IDENTITY = "iPhone Developer";
				COPY_PHASE_STRIP = NO;
				DEBUG_INFORMATION_FORMAT = dwarf;
				ENABLE_STRICT_OBJC_MSGSEND = YES;
				ENABLE_TESTABILITY = YES;
				GCC_C_LANGUAGE_STANDARD = gnu11;
				GCC_DYNAMIC_NO_PIC = NO;
				GCC_NO_COMMON_BLOCKS = YES;
				GCC_OPTIMIZATION_LEVEL = 0;
				GCC_PREPROCESSOR_DEFINITIONS = (
					"DEBUG=1",
					"$(inherited)",
				);
				GCC_WARN_64_TO_32_BIT_CONVERSION = YES;
				GCC_WARN_ABOUT_RETURN_TYPE = YES_ERROR;
				GCC_WARN_UNDECLARED_SELECTOR = YES;
				GCC_WARN_UNINITIALIZED_AUTOS = YES_AGGRESSIVE;
				GCC_WARN_UNUSED_FUNCTION = YES;
				GCC_WARN_UNUSED_VARIABLE = YES;
				IPHONEOS_DEPLOYMENT_TARGET = 12.2;
				MTL_ENABLE_DEBUG_INFO = INCLUDE_SOURCE;
				MTL_FAST_MATH = YES;
				ONLY_ACTIVE_ARCH = YES;
				SDKROOT = iphoneos;
				SWIFT_ACTIVE_COMPILATION_CONDITIONS = DEBUG;
				SWIFT_OPTIMIZATION_LEVEL = "-Onone";
			};
			name = Debug;
		};
		F72BD8E122DD285A00BAF3C4 /* Release */ = {
			isa = XCBuildConfiguration;
			buildSettings = {
				ALWAYS_SEARCH_USER_PATHS = NO;
				CLANG_ANALYZER_NONNULL = YES;
				CLANG_ANALYZER_NUMBER_OBJECT_CONVERSION = YES_AGGRESSIVE;
				CLANG_CXX_LANGUAGE_STANDARD = "gnu++14";
				CLANG_CXX_LIBRARY = "libc++";
				CLANG_ENABLE_MODULES = YES;
				CLANG_ENABLE_OBJC_ARC = YES;
				CLANG_ENABLE_OBJC_WEAK = YES;
				CLANG_WARN_BLOCK_CAPTURE_AUTORELEASING = YES;
				CLANG_WARN_BOOL_CONVERSION = YES;
				CLANG_WARN_COMMA = YES;
				CLANG_WARN_CONSTANT_CONVERSION = YES;
				CLANG_WARN_DEPRECATED_OBJC_IMPLEMENTATIONS = YES;
				CLANG_WARN_DIRECT_OBJC_ISA_USAGE = YES_ERROR;
				CLANG_WARN_DOCUMENTATION_COMMENTS = YES;
				CLANG_WARN_EMPTY_BODY = YES;
				CLANG_WARN_ENUM_CONVERSION = YES;
				CLANG_WARN_INFINITE_RECURSION = YES;
				CLANG_WARN_INT_CONVERSION = YES;
				CLANG_WARN_NON_LITERAL_NULL_CONVERSION = YES;
				CLANG_WARN_OBJC_IMPLICIT_RETAIN_SELF = YES;
				CLANG_WARN_OBJC_LITERAL_CONVERSION = YES;
				CLANG_WARN_OBJC_ROOT_CLASS = YES_ERROR;
				CLANG_WARN_RANGE_LOOP_ANALYSIS = YES;
				CLANG_WARN_STRICT_PROTOTYPES = YES;
				CLANG_WARN_SUSPICIOUS_MOVE = YES;
				CLANG_WARN_UNGUARDED_AVAILABILITY = YES_AGGRESSIVE;
				CLANG_WARN_UNREACHABLE_CODE = YES;
				CLANG_WARN__DUPLICATE_METHOD_MATCH = YES;
				CODE_SIGN_IDENTITY = "iPhone Developer";
				COPY_PHASE_STRIP = NO;
				DEBUG_INFORMATION_FORMAT = "dwarf-with-dsym";
				ENABLE_NS_ASSERTIONS = NO;
				ENABLE_STRICT_OBJC_MSGSEND = YES;
				GCC_C_LANGUAGE_STANDARD = gnu11;
				GCC_NO_COMMON_BLOCKS = YES;
				GCC_WARN_64_TO_32_BIT_CONVERSION = YES;
				GCC_WARN_ABOUT_RETURN_TYPE = YES_ERROR;
				GCC_WARN_UNDECLARED_SELECTOR = YES;
				GCC_WARN_UNINITIALIZED_AUTOS = YES_AGGRESSIVE;
				GCC_WARN_UNUSED_FUNCTION = YES;
				GCC_WARN_UNUSED_VARIABLE = YES;
				IPHONEOS_DEPLOYMENT_TARGET = 12.2;
				MTL_ENABLE_DEBUG_INFO = NO;
				MTL_FAST_MATH = YES;
				SDKROOT = iphoneos;
				SWIFT_COMPILATION_MODE = wholemodule;
				SWIFT_OPTIMIZATION_LEVEL = "-O";
				VALIDATE_PRODUCT = YES;
			};
			name = Release;
		};
		F72BD8E322DD285A00BAF3C4 /* Debug */ = {
			isa = XCBuildConfiguration;
			buildSettings = {
				ASSETCATALOG_COMPILER_APPICON_NAME = AppIcon;
				CODE_SIGN_STYLE = Automatic;
				DEVELOPMENT_TEAM = 8CN5B72QRR;
				INFOPLIST_FILE = Game/Info.plist;
				LD_RUNPATH_SEARCH_PATHS = (
					"$(inherited)",
					"@executable_path/Frameworks",
				);
				PRODUCT_BUNDLE_IDENTIFIER = ameliaellis123;
				PRODUCT_NAME = "$(TARGET_NAME)";
				SWIFT_VERSION = 5.0;
				TARGETED_DEVICE_FAMILY = "1,2";
			};
			name = Debug;
		};
		F72BD8E422DD285A00BAF3C4 /* Release */ = {
			isa = XCBuildConfiguration;
			buildSettings = {
				ASSETCATALOG_COMPILER_APPICON_NAME = AppIcon;
				CODE_SIGN_STYLE = Automatic;
				DEVELOPMENT_TEAM = 8CN5B72QRR;
				INFOPLIST_FILE = Game/Info.plist;
				LD_RUNPATH_SEARCH_PATHS = (
					"$(inherited)",
					"@executable_path/Frameworks",
				);
				PRODUCT_BUNDLE_IDENTIFIER = ameliaellis123;
				PRODUCT_NAME = "$(TARGET_NAME)";
				SWIFT_VERSION = 5.0;
				TARGETED_DEVICE_FAMILY = "1,2";
			};
			name = Release;
		};
		F72BD8E622DD285A00BAF3C4 /* Debug */ = {
			isa = XCBuildConfiguration;
			buildSettings = {
				ALWAYS_EMBED_SWIFT_STANDARD_LIBRARIES = YES;
				BUNDLE_LOADER = "$(TEST_HOST)";
				CODE_SIGN_STYLE = Automatic;
				DEVELOPMENT_TEAM = 5P3C9RR4BA;
				INFOPLIST_FILE = GameTests/Info.plist;
				LD_RUNPATH_SEARCH_PATHS = (
					"$(inherited)",
					"@executable_path/Frameworks",
					"@loader_path/Frameworks",
				);
				PRODUCT_BUNDLE_IDENTIFIER = GG.5.GameTests;
				PRODUCT_NAME = "$(TARGET_NAME)";
				SWIFT_VERSION = 5.0;
				TARGETED_DEVICE_FAMILY = "1,2";
				TEST_HOST = "$(BUILT_PRODUCTS_DIR)/Game.app/Game";
			};
			name = Debug;
		};
		F72BD8E722DD285A00BAF3C4 /* Release */ = {
			isa = XCBuildConfiguration;
			buildSettings = {
				ALWAYS_EMBED_SWIFT_STANDARD_LIBRARIES = YES;
				BUNDLE_LOADER = "$(TEST_HOST)";
				CODE_SIGN_STYLE = Automatic;
				DEVELOPMENT_TEAM = 5P3C9RR4BA;
				INFOPLIST_FILE = GameTests/Info.plist;
				LD_RUNPATH_SEARCH_PATHS = (
					"$(inherited)",
					"@executable_path/Frameworks",
					"@loader_path/Frameworks",
				);
				PRODUCT_BUNDLE_IDENTIFIER = GG.5.GameTests;
				PRODUCT_NAME = "$(TARGET_NAME)";
				SWIFT_VERSION = 5.0;
				TARGETED_DEVICE_FAMILY = "1,2";
				TEST_HOST = "$(BUILT_PRODUCTS_DIR)/Game.app/Game";
			};
			name = Release;
		};
		F72BD8E922DD285A00BAF3C4 /* Debug */ = {
			isa = XCBuildConfiguration;
			buildSettings = {
				ALWAYS_EMBED_SWIFT_STANDARD_LIBRARIES = YES;
				CODE_SIGN_STYLE = Automatic;
				DEVELOPMENT_TEAM = 5P3C9RR4BA;
				INFOPLIST_FILE = GameUITests/Info.plist;
				LD_RUNPATH_SEARCH_PATHS = (
					"$(inherited)",
					"@executable_path/Frameworks",
					"@loader_path/Frameworks",
				);
				PRODUCT_BUNDLE_IDENTIFIER = GG.5.GameUITests;
				PRODUCT_NAME = "$(TARGET_NAME)";
				SWIFT_VERSION = 5.0;
				TARGETED_DEVICE_FAMILY = "1,2";
				TEST_TARGET_NAME = Game;
			};
			name = Debug;
		};
		F72BD8EA22DD285A00BAF3C4 /* Release */ = {
			isa = XCBuildConfiguration;
			buildSettings = {
				ALWAYS_EMBED_SWIFT_STANDARD_LIBRARIES = YES;
				CODE_SIGN_STYLE = Automatic;
				DEVELOPMENT_TEAM = 5P3C9RR4BA;
				INFOPLIST_FILE = GameUITests/Info.plist;
				LD_RUNPATH_SEARCH_PATHS = (
					"$(inherited)",
					"@executable_path/Frameworks",
					"@loader_path/Frameworks",
				);
				PRODUCT_BUNDLE_IDENTIFIER = GG.5.GameUITests;
				PRODUCT_NAME = "$(TARGET_NAME)";
				SWIFT_VERSION = 5.0;
				TARGETED_DEVICE_FAMILY = "1,2";
				TEST_TARGET_NAME = Game;
			};
			name = Release;
		};
/* End XCBuildConfiguration section */

/* Begin XCConfigurationList section */
		F72BD8AF22DD285900BAF3C4 /* Build configuration list for PBXProject "Game" */ = {
			isa = XCConfigurationList;
			buildConfigurations = (
				F72BD8E022DD285A00BAF3C4 /* Debug */,
				F72BD8E122DD285A00BAF3C4 /* Release */,
			);
			defaultConfigurationIsVisible = 0;
			defaultConfigurationName = Release;
		};
		F72BD8E222DD285A00BAF3C4 /* Build configuration list for PBXNativeTarget "Game" */ = {
			isa = XCConfigurationList;
			buildConfigurations = (
				F72BD8E322DD285A00BAF3C4 /* Debug */,
				F72BD8E422DD285A00BAF3C4 /* Release */,
			);
			defaultConfigurationIsVisible = 0;
			defaultConfigurationName = Release;
		};
		F72BD8E522DD285A00BAF3C4 /* Build configuration list for PBXNativeTarget "GameTests" */ = {
			isa = XCConfigurationList;
			buildConfigurations = (
				F72BD8E622DD285A00BAF3C4 /* Debug */,
				F72BD8E722DD285A00BAF3C4 /* Release */,
			);
			defaultConfigurationIsVisible = 0;
			defaultConfigurationName = Release;
		};
		F72BD8E822DD285A00BAF3C4 /* Build configuration list for PBXNativeTarget "GameUITests" */ = {
			isa = XCConfigurationList;
			buildConfigurations = (
				F72BD8E922DD285A00BAF3C4 /* Debug */,
				F72BD8EA22DD285A00BAF3C4 /* Release */,
			);
			defaultConfigurationIsVisible = 0;
			defaultConfigurationName = Release;
		};
/* End XCConfigurationList section */
	};
	rootObject = F72BD8AC22DD285900BAF3C4 /* Project object */;
}
